
Microsoft Visual Studio Solution File, Format Version 12.00
# Visual Studio Version 17
VisualStudioVersion = 17.14.36915.13 d17.14
MinimumVisualStudioVersion = 10.0.40219.1
Project("{FAE04EC0-301F-11D3-BF4B-00C04F79EFBC}") = "StockManagementControl", "StockManagementControl.csproj", "{DDE17341-71DE-4C3B-B091-F56608CAB5A9}"
EndProject
Global
	GlobalSection(SolutionConfigurationPlatforms) = preSolution
		Debug|Any CPU = Debug|Any CPU
		Release|Any CPU = Release|Any CPU
	EndGlobalSection
	GlobalSection(ProjectConfigurationPlatforms) = postSolution
		{DDE17341-71DE-4C3B-B091-F56608CAB5A9}.Debug|Any CPU.ActiveCfg = Debug|Any CPU
		{DDE17341-71DE-4C3B-B091-F56608CAB5A9}.Debug|Any CPU.Build.0 = Debug|Any CPU
		{DDE17341-71DE-4C3B-B091-F56608CAB5A9}.Release|Any CPU.ActiveCfg = Release|Any CPU
		{DDE17341-71DE-4C3B-B091-F56608CAB5A9}.Release|Any CPU.Build.0 = Release|Any CPU
	EndGlobalSection
	GlobalSection(SolutionProperties) = preSolution
		HideSolutionNode = FALSE
	EndGlobalSection
	GlobalSection(ExtensibilityGlobals) = postSolution
		SolutionGuid = {BEA2A4A7-7477-4A75-BD42-2FB84BA38903}
	EndGlobalSection
EndGlobal
